[root]
name = "uitest"
version = "0.1.0"
dependencies = [
 "winapi 0.3.0-alpha.0 (git+https://github.com/retep998/winapi-rs?branch=dev)",
]

[[package]]
name = "winapi"
version = "0.3.0-alpha.0"
source = "git+https://github.com/retep998/winapi-rs?branch=dev#29adb03b00cedb2769c258a1970ccf315e9f3768"
dependencies = [
 "winapi-i686-pc-windows-gnu 0.3.1 (git+https://github.com/retep998/winapi-rs?branch=dev)",
 "winapi-x86_64-pc-windows-gnu 0.3.1 (git+https://github.com/retep998/winapi-rs?branch=dev)",
]

[[package]]
name = "winapi-i686-pc-windows-gnu"
version = "0.3.1"
source = "git+https://github.com/retep998/winapi-rs?branch=dev#29adb03b00cedb2769c258a1970ccf315e9f3768"

[[package]]
name = "winapi-x86_64-pc-windows-gnu"
version = "0.3.1"
source = "git+https://github.com/retep998/winapi-rs?branch=dev#29adb03b00cedb2769c258a1970ccf315e9f3768"

[metadata]
"checksum winapi 0.3.0-alpha.0 (git+https://github.com/retep998/winapi-rs?branch=dev)" = "<none>"
"checksum winapi-i686-pc-windows-gnu 0.3.1 (git+https://github.com/retep998/winapi-rs?branch=dev)" = "<none>"
"checksum winapi-x86_64-pc-windows-gnu 0.3.1 (git+https://github.com/retep998/winapi-rs?branch=dev)" = "<none>"
